PODS:
  - AgoraRtcEngine_iOS (3.5.2)
  - LYCategory (1.13.1)
  - LYModuleCall (0.1.0):
    - AgoraRtcEngine_iOS
    - LYCategory

DEPENDENCIES:
  - LYModuleCall (from `../`)

SPEC REPOS:
  https://github.com/CocoaPods/Specs.git:
    - AgoraRtcEngine_iOS
    - LYCategory

EXTERNAL SOURCES:
  LYModuleCall:
    :path: "../"

SPEC CHECKSUMS:
  AgoraRtcEngine_iOS: 3d13806d67e401298558c9a6fb09340a4299afa2
  LYCategory: 106df397b4b514a8cbe7f228c34a503142d3b964
  LYModuleCall: f814eefbc96e309d75a821d8ef1b29f323840dce

PODFILE CHECKSUM: 639e53e55da59d22d680478226f53a2533b24115

COCOAPODS: 1.11.2
